Microsoft Visual Studio Solution File, Format Version 12.00
# Visual Studio Version 17
VisualStudioVersion = 17.5.2.0
MinimumVisualStudioVersion = 10.0.40219.1
Project("{2150E333-8FDC-42A3-9474-1A3956D46DE8}") = "lovnzb08's zrox's crackme easy", "lovnzb08's zrox's crackme easy", "{1AA770EA-007D-76B2-9E1D-D44426DB7E8F}"
EndProject
Project("{2150E333-8FDC-42A3-9474-1A3956D46DE8}") = "MarcusHindey's Crackme protect", "MarcusHindey's Crackme protect", "{DF9D95C3-AAF4-10CD-0C9E-0540F04B508F}"
EndProject
Project("{FAE04EC0-301F-11D3-BF4B-00C04F79EFBC}") = "crackm66e.exe", "lovnzb08's zrox's crackme easy\Decompile\crackm66e.exe.csproj", "{A9FF627E-453B-97C4-DA4B-40735FD8878D}"
EndProject
Project("{FAE04EC0-301F-11D3-BF4B-00C04F79EFBC}") = "crackme.exe", "MarcusHindey's Crackme protect\Decompile\crackme.exe.csproj", "{DBCAF866-29D4-0087-794D-B68E62394744}"
EndProject
Global
	GlobalSection(SolutionConfigurationPlatforms) = preSolution
		Debug|Any CPU = Debug|Any CPU
		Release|Any CPU = Release|Any CPU
	EndGlobalSection
	GlobalSection(ProjectConfigurationPlatforms) = postSolution
		{A9FF627E-453B-97C4-DA4B-40735FD8878D}.Debug|Any CPU.ActiveCfg = Debug|Any CPU
		{A9FF627E-453B-97C4-DA4B-40735FD8878D}.Debug|Any CPU.Build.0 = Debug|Any CPU
		{A9FF627E-453B-97C4-DA4B-40735FD8878D}.Release|Any CPU.ActiveCfg = Release|Any CPU
		{A9FF627E-453B-97C4-DA4B-40735FD8878D}.Release|Any CPU.Build.0 = Release|Any CPU
		{DBCAF866-29D4-0087-794D-B68E62394744}.Debug|Any CPU.ActiveCfg = Debug|Any CPU
		{DBCAF866-29D4-0087-794D-B68E62394744}.Debug|Any CPU.Build.0 = Debug|Any CPU
		{DBCAF866-29D4-0087-794D-B68E62394744}.Release|Any CPU.ActiveCfg = Release|Any CPU
		{DBCAF866-29D4-0087-794D-B68E62394744}.Release|Any CPU.Build.0 = Release|Any CPU
	EndGlobalSection
	GlobalSection(SolutionProperties) = preSolution
		HideSolutionNode = FALSE
	EndGlobalSection
	GlobalSection(NestedProjects) = preSolution
		{A9FF627E-453B-97C4-DA4B-40735FD8878D} = {1AA770EA-007D-76B2-9E1D-D44426DB7E8F}
		{DBCAF866-29D4-0087-794D-B68E62394744} = {DF9D95C3-AAF4-10CD-0C9E-0540F04B508F}
	EndGlobalSection
	GlobalSection(ExtensibilityGlobals) = postSolution
		SolutionGuid = {5005424A-0D30-4270-A1DC-74B95774DE98}
	EndGlobalSection
EndGlobal
